
Microsoft Visual Studio Solution File, Format Version 12.00
# Visual Studio Version 17
VisualStudioVersion = 17.11.35327.3
MinimumVisualStudioVersion = 10.0.40219.1
Project("{FAE04EC0-301F-11D3-BF4B-00C04F79EFBC}") = "SecureApp", "SecureApp\SecureApp.csproj", "{63A72D5E-75E5-4873-95E9-699F05C8F6B5}"
EndProject
Project("{FAE04EC0-301F-11D3-BF4B-00C04F79EFBC}") = "SecureAppTest", "SecureAppTest\SecureAppTest.csproj", "{FD3DFD51-1FD2-4A28-B067-D96ED8A5CC7B}"
EndProject
Global
	GlobalSection(SolutionConfigurationPlatforms) = preSolution
		Debug|Any CPU = Debug|Any CPU
		Release|Any CPU = Release|Any CPU
	EndGlobalSection
	GlobalSection(ProjectConfigurationPlatforms) = postSolution
		{63A72D5E-75E5-4873-95E9-699F05C8F6B5}.Debug|Any CPU.ActiveCfg = Debug|Any CPU
		{63A72D5E-75E5-4873-95E9-699F05C8F6B5}.Debug|Any CPU.Build.0 = Debug|Any CPU
		{63A72D5E-75E5-4873-95E9-699F05C8F6B5}.Release|Any CPU.ActiveCfg = Release|Any CPU
		{63A72D5E-75E5-4873-95E9-699F05C8F6B5}.Release|Any CPU.Build.0 = Release|Any CPU
		{FD3DFD51-1FD2-4A28-B067-D96ED8A5CC7B}.Debug|Any CPU.ActiveCfg = Debug|Any CPU
		{FD3DFD51-1FD2-4A28-B067-D96ED8A5CC7B}.Debug|Any CPU.Build.0 = Debug|Any CPU
		{FD3DFD51-1FD2-4A28-B067-D96ED8A5CC7B}.Release|Any CPU.ActiveCfg = Release|Any CPU
		{FD3DFD51-1FD2-4A28-B067-D96ED8A5CC7B}.Release|Any CPU.Build.0 = Release|Any CPU
	EndGlobalSection
	GlobalSection(SolutionProperties) = preSolution
		HideSolutionNode = FALSE
	EndGlobalSection
	GlobalSection(ExtensibilityGlobals) = postSolution
		SolutionGuid = {6B311712-79C3-4A53-86C6-FBD5462C056B}
	EndGlobalSection
EndGlobal
